# Generated by pub
# See https://dart.dev/tools/pub/glossary#lockfile
packages:
  sword_result:
    dependency: "direct main"
    description:
      name: sword_result
      sha256: c7a56079524fb7b68909ca883af0414a9dc47be62769e26ceb8f2167b8763fa4
      url: "https://pub.dev"
    source: hosted
    version: "0.1.0"
sdks:
  dart: ">=3.0.0 <4.0.0"
